{
  "name": "app",
  "lockfileVersion": 3,
  "requires": true,
  "packages": {
    "": {
      "dependencies": {
        "@intentsolutionsio/openbb-terminal": "^1.0.0"
      }
    },
    "node_modules/@intentsolutionsio/openbb-terminal": {
      "version": "1.0.0",
      "resolved": "https://registry.npmjs.org/@intentsolutionsio/openbb-terminal/-/openbb-terminal-1.0.0.tgz",
      "integrity": "sha512-ctSBVNhgWjcPJ70ZM2MBmOnOy+nZna293sG/hU6R9nbduDY4iQMUdeu68IctC90TDaAoeTehjFWH/L1pvJacmQ==",
      "hasInstallScript": true,
      "license": "MIT"
    }
  }
}
